[
  {
    "title": "Anna Karenina",
    "author": "Lev Tolstoi",
    "price": 49,
    "discount": "10%",
    "image": "https://cdn.litera.ro/pub/media/mf_webp/png/media/catalog/product/cache/1e07343a9a102fb3a3e7439e492825f8/a/n/anna_karenina.webp",
    "id": "1"
  },
  {
    "title": "1984",
    "author": "George Orwell",
    "price": 26,
    "discount": "10%",
    "image": "https://assets.bkz.ro/upload/produse/ZJEHGD3DW/o-mie-noua-sute-optzeci-si-patru-bg1.webp",
    "id": "2"
  },
  {
    "title": "Ferma Animalelor",
    "author": "George Orwell",
    "price": 16,
    "discount": 0,
    "image": "https://assets.bkz.ro/upload/produse/ZJEHMF3DW/ferma-animalelor-editie-de-buzunar-bg1.webp",
    "id": "3"
  },
  {
    "title": "Despre libertate",
    "author": "George Orwell",
    "price": 57,
    "discount": 5,
    "image": "https://assets.bkz.ro/upload/produse/ZJEGJG3DW/despre-libertate-md1.webp",
    "id": "4"
  },
  {
    "title": "Despre Adevar",
    "author": "George Orwell",
    "price": 57,
    "discount": 12,
    "image": "https://assets.bkz.ro/upload/produse/ZJEGKZ3DW/despre-adevar-md1.webp",
    "id": "5"
  },
  {
    "title": "Carti sau tigari",
    "author": "George Orwell",
    "price": 56,
    "discount": 80,
    "image": "https://cloudflare-ipfs.com/ipfs/Qmd3W5DuhgHirLHGVixi6V76LhCkZUz6pnFt5AJBiyvHye/avatar/654.jpg",
    "id": "6"
  },
  {
    "title": "O gura de aer",
    "author": "George Orwell",
    "price": 52,
    "discount": 49,
    "image": "https://cloudflare-ipfs.com/ipfs/Qmd3W5DuhgHirLHGVixi6V76LhCkZUz6pnFt5AJBiyvHye/avatar/722.jpg",
    "id": "7"
  },
  {
    "title": "Despre Dumnezeu si om",
    "author": "Lev Tolstoi",
    "price": 2,
    "discount": 23,
    "image": "https://assets.bkz.ro/upload/produse/ZJLZFE3DW/despre-dumnezeu-si-om-lev-tolstoi-md1.webp",
    "id": "8"
  },
  {
    "title": "Razboi si pace",
    "author": "Lev Tolstoi",
    "price": 82,
    "discount": 33,
    "image": "https://assets.bkz.ro/upload/produse/ZJEHJK3DW/razboi-si-pace-vol-1-2-md1.webp",
    "id": "9"
  },
  {
    "title": "Din ce traiesc oamenii",
    "author": "Lev Tolstoi",
    "price": 22,
    "discount": 82,
    "image": "https://www.librariasophia.ro//images/133227/tolstoi-lev-din-ce-traiesc-oamenii-21999.jpg",
    "id": "10"
  },
  {
    "title": "Invierea",
    "author": "Lev Tolstoi",
    "price": 70,
    "discount": 37,
    "image": "https://cdn4.libris.ro/img/pozeprod/1073/1072146-1.jpg",
    "id": "11"
  },
  {
    "title": "Povestea vietii mele",
    "author": "Regina Maria a Romaniei",
    "price": 50,
    "discount": "20%",
    "image": "https://cdn13.avanticart.ro/librex.ro/pictures/PovesteavietiimeleVol1-9786068998008-36424-1.webp",
    "id": "12"
  },
  {
    "title": "Ultima Romantica",
    "author": "Hannah Pakula",
    "price": 68,
    "discount": 1,
    "image": "https://cdn20.avanticart.ro/librex.ro/pictures/ultima-romantica-biografia-reginei-maria-12241-1.webp",
    "id": "13",
    "discout": "35%"
  },
  {
    "title": "Creierul si inteligenta emotionala",
    "author": "Daniel Goleman",
    "price": 64,
    "discount": "5%",
    "image": "https://cloudflare-ipfs.com/ipfs/Qmd3W5DuhgHirLHGVixi6V76LhCkZUz6pnFt5AJBiyvHye/avatar/190.jpg",
    "id": "14"
  },
  {
    "title": "Focus",
    "author": "Daniel Golman",
    "price": 36,
    "discount": 83,
    "image": "https://cdn20.avanticart.ro/librex.ro/pictures/focus-daniel-goleman-10631-1.webp",
    "id": "15"
  },
  {
    "title": "Rezerva",
    "author": "Printul Harry",
    "price": 90,
    "discount": "5%",
    "image": "https://assets.bkz.ro/upload/produse/ZKJHDDDWH/printul-harry-rezerva-md7.webp",
    "id": "16"
  },
  {
    "title": "State College",
    "author": "Kimberly Grady",
    "price": 74,
    "discount": "15%",
    "image": "https://cloudflare-ipfs.com/ipfs/Qmd3W5DuhgHirLHGVixi6V76LhCkZUz6pnFt5AJBiyvHye/avatar/954.jpg",
    "id": "17"
  },
  {
    "title": "Azusa",
    "author": "Lowell White",
    "price": 71,
    "discount": "15%",
    "image": "https://cloudflare-ipfs.com/ipfs/Qmd3W5DuhgHirLHGVixi6V76LhCkZUz6pnFt5AJBiyvHye/avatar/1213.jpg",
    "id": "18"
  },
  {
    "title": "Corpus Christi",
    "author": "Duane Donnelly Sr.",
    "price": 7,
    "discount": "15%",
    "image": "https://cloudflare-ipfs.com/ipfs/Qmd3W5DuhgHirLHGVixi6V76LhCkZUz6pnFt5AJBiyvHye/avatar/76.jpg",
    "id": "19"
  },
  {
    "title": "Drum fara prioritate",
    "author": "Marian Godina",
    "price": 33,
    "discount": 24,
    "image": "https://assets.bkz.ro/upload/produse/ZKLFGJDWH/drum-fara-prioritate-godina-md3.webp",
    "id": "20"
  },
  {
    "title": "Lawton",
    "author": "Lora Veum III",
    "price": 19,
    "discount": 8,
    "image": "https://cloudflare-ipfs.com/ipfs/Qmd3W5DuhgHirLHGVixi6V76LhCkZUz6pnFt5AJBiyvHye/avatar/1024.jpg",
    "id": "21"
  },
  {
    "title": "Bethlehem",
    "author": "Jeremy Huel",
    "price": 90,
    "discount": 25,
    "image": "https://cloudflare-ipfs.com/ipfs/Qmd3W5DuhgHirLHGVixi6V76LhCkZUz6pnFt5AJBiyvHye/avatar/1096.jpg",
    "id": "22"
  },
  {
    "title": "Las Cruces",
    "author": "Ana Maggio",
    "price": 55,
    "discount": 5,
    "image": "https://cloudflare-ipfs.com/ipfs/Qmd3W5DuhgHirLHGVixi6V76LhCkZUz6pnFt5AJBiyvHye/avatar/576.jpg",
    "id": "23"
  },
  {
    "title": "Oxnard",
    "author": "Jeannette Herman",
    "price": 86,
    "discount": 27,
    "image": "https://cloudflare-ipfs.com/ipfs/Qmd3W5DuhgHirLHGVixi6V76LhCkZUz6pnFt5AJBiyvHye/avatar/109.jpg",
    "id": "24"
  },
  {
    "title": "Ankeny",
    "author": "Cheryl Conn",
    "price": 50,
    "discount": 29,
    "image": "https://cloudflare-ipfs.com/ipfs/Qmd3W5DuhgHirLHGVixi6V76LhCkZUz6pnFt5AJBiyvHye/avatar/451.jpg",
    "id": "25"
  }
]
